// !$*UTF8*$!
{
	archiveVersion = 1;
	classes = {
	};
	objectVersion = 56;
	objects = {

/* Begin PBXBuildFile section */
		A6C486BD2C61E14F00D9C9E2 /* HeaderComponent.swift in Sources */ = {isa = PBXBuildFile; fileRef = A6C486BC2C61E14F00D9C9E2 /* HeaderComponent.swift */; };
		A6C486C02C61E21A00D9C9E2 /* Color.swift in Sources */ = {isa = PBXBuildFile; fileRef = A6C486BF2C61E21A00D9C9E2 /* Color.swift */; };
		A6C486C42C61E37500D9C9E2 /* TasksView.swift in Sources */ = {isa = PBXBuildFile; fileRef = A6C486C32C61E37500D9C9E2 /* TasksView.swift */; };
		A6C486C62C61E3BB00D9C9E2 /* CalendarComponent.swift in Sources */ = {isa = PBXBuildFile; fileRef = A6C486C52C61E3BB00D9C9E2 /* CalendarComponent.swift */; };
		A6C486CC2C61E62100D9C9E2 /* ButtonComponent.swift in Sources */ = {isa = PBXBuildFile; fileRef = A6C486CB2C61E62100D9C9E2 /* ButtonComponent.swift */; };
		A6C486CE2C61E8A600D9C9E2 /* ImageComponent.swift in Sources */ = {isa = PBXBuildFile; fileRef = A6C486CD2C61E8A600D9C9E2 /* ImageComponent.swift */; };
		B0BD47232C61D5C200A399F5 /* Mini_3_Coworking_TrialApp.swift in Sources */ = {isa = PBXBuildFile; fileRef = B0BD47222C61D5C200A399F5 /* Mini_3_Coworking_TrialApp.swift */; };
		B0BD47252C61D5C200A399F5 /* ContentView.swift in Sources */ = {isa = PBXBuildFile; fileRef = B0BD47242C61D5C200A399F5 /* ContentView.swift */; };
		B0BD47272C61D5C300A399F5 /* Assets.xcassets in Resources */ = {isa = PBXBuildFile; fileRef = B0BD47262C61D5C300A399F5 /* Assets.xcassets */; };
		B0BD472A2C61D5C300A399F5 /* Preview Assets.xcassets in Resources */ = {isa = PBXBuildFile; fileRef = B0BD47292C61D5C300A399F5 /* Preview Assets.xcassets */; };
/* End PBXBuildFile section */

/* Begin PBXFileReference section */
		A6C486BC2C61E14F00D9C9E2 /* HeaderComponent.swift */ = {isa = PBXFileReference; lastKnownFileType = sourcecode.swift; path = HeaderComponent.swift; sourceTree = "<group>"; };
		A6C486BF2C61E21A00D9C9E2 /* Color.swift */ = {isa = PBXFileReference; lastKnownFileType = sourcecode.swift; path = Color.swift; sourceTree = "<group>"; };
		A6C486C32C61E37500D9C9E2 /* TasksView.swift */ = {isa = PBXFileReference; lastKnownFileType = sourcecode.swift; path = TasksView.swift; sourceTree = "<group>"; };
		A6C486C52C61E3BB00D9C9E2 /* CalendarComponent.swift */ = {isa = PBXFileReference; lastKnownFileType = sourcecode.swift; path = CalendarComponent.swift; sourceTree = "<group>"; };
		A6C486CB2C61E62100D9C9E2 /* ButtonComponent.swift */ = {isa = PBXFileReference; lastKnownFileType = sourcecode.swift; path = ButtonComponent.swift; sourceTree = "<group>"; };
		A6C486CD2C61E8A600D9C9E2 /* ImageComponent.swift */ = {isa = PBXFileReference; lastKnownFileType = sourcecode.swift; path = ImageComponent.swift; sourceTree = "<group>"; };
		B0BD471F2C61D5C200A399F5 /* Mini 3 Coworking Trial.app */ = {isa = PBXFileReference; explicitFileType = wrapper.application; includeInIndex = 0; path = "Mini 3 Coworking Trial.app"; sourceTree = BUILT_PRODUCTS_DIR; };
		B0BD47222C61D5C200A399F5 /* Mini_3_Coworking_TrialApp.swift */ = {isa = PBXFileReference; lastKnownFileType = sourcecode.swift; path = Mini_3_Coworking_TrialApp.swift; sourceTree = "<group>"; };
		B0BD47242C61D5C200A399F5 /* ContentView.swift */ = {isa = PBXFileReference; lastKnownFileType = sourcecode.swift; path = ContentView.swift; sourceTree = "<group>"; };
		B0BD47262C61D5C300A399F5 /* Assets.xcassets */ = {isa = PBXFileReference; lastKnownFileType = folder.assetcatalog; path = Assets.xcassets; sourceTree = "<group>"; };
		B0BD47292C61D5C300A399F5 /* Preview Assets.xcassets */ = {isa = PBXFileReference; lastKnownFileType = folder.assetcatalog; path = "Preview Assets.xcassets"; sourceTree = "<group>"; };
/* End PBXFileReference section */

/* Begin PBXFrameworksBuildPhase section */
		B0BD471C2C61D5C200A399F5 /* Frameworks */ = {
			isa = PBXFrameworksBuildPhase;
			buildActionMask = 2147483647;
			files = (
			);
			runOnlyForDeploymentPostprocessing = 0;
		};
/* End PBXFrameworksBuildPhase section */

/* Begin PBXGroup section */
		A6C486BA2C61E0BC00D9C9E2 /* Tasks */ = {
			isa = PBXGroup;
			children = (
				A6C486BB2C61E12D00D9C9E2 /* Component */,
				A6C486C32C61E37500D9C9E2 /* TasksView.swift */,
			);
			path = Tasks;
			sourceTree = "<group>";
		};
		A6C486BB2C61E12D00D9C9E2 /* Component */ = {
			isa = PBXGroup;
			children = (
				A6C486BC2C61E14F00D9C9E2 /* HeaderComponent.swift */,
				A6C486C52C61E3BB00D9C9E2 /* CalendarComponent.swift */,
				A6C486CB2C61E62100D9C9E2 /* ButtonComponent.swift */,
				A6C486CD2C61E8A600D9C9E2 /* ImageComponent.swift */,
			);
			path = Component;
			sourceTree = "<group>";
		};
		A6C486BE2C61E21000D9C9E2 /* extension */ = {
			isa = PBXGroup;
			children = (
				A6C486BF2C61E21A00D9C9E2 /* Color.swift */,
			);
			path = extension;
			sourceTree = "<group>";
		};
		B0BD47162C61D5C200A399F5 = {
			isa = PBXGroup;
			children = (
				B0BD47212C61D5C200A399F5 /* Mini 3 Coworking Trial */,
				B0BD47202C61D5C200A399F5 /* Products */,
			);
			sourceTree = "<group>";
		};
		B0BD47202C61D5C200A399F5 /* Products */ = {
			isa = PBXGroup;
			children = (
				B0BD471F2C61D5C200A399F5 /* Mini 3 Coworking Trial.app */,
			);
			name = Products;
			sourceTree = "<group>";
		};
		B0BD47212C61D5C200A399F5 /* Mini 3 Coworking Trial */ = {
			isa = PBXGroup;
			children = (
				A6C486BE2C61E21000D9C9E2 /* extension */,
				A6C486BA2C61E0BC00D9C9E2 /* Tasks */,
				B0BD47222C61D5C200A399F5 /* Mini_3_Coworking_TrialApp.swift */,
				B0BD47242C61D5C200A399F5 /* ContentView.swift */,
				B0BD47262C61D5C300A399F5 /* Assets.xcassets */,
				B0BD47282C61D5C300A399F5 /* Preview Content */,
			);
			path = "Mini 3 Coworking Trial";
			sourceTree = "<group>";
		};
		B0BD47282C61D5C300A399F5 /* Preview Content */ = {
			isa = PBXGroup;
			children = (
				B0BD47292C61D5C300A399F5 /* Preview Assets.xcassets */,
			);
			path = "Preview Content";
			sourceTree = "<group>";
		};
/* End PBXGroup section */

/* Begin PBXNativeTarget section */
		B0BD471E2C61D5C200A399F5 /* Mini 3 Coworking Trial */ = {
			isa = PBXNativeTarget;
			buildConfigurationList = B0BD472D2C61D5C300A399F5 /* Build configuration list for PBXNativeTarget "Mini 3 Coworking Trial" */;
			buildPhases = (
				B0BD471B2C61D5C200A399F5 /* Sources */,
				B0BD471C2C61D5C200A399F5 /* Frameworks */,
				B0BD471D2C61D5C200A399F5 /* Resources */,
			);
			buildRules = (
			);
			dependencies = (
			);
			name = "Mini 3 Coworking Trial";
			productName = "Mini 3 Coworking Trial";
			productReference = B0BD471F2C61D5C200A399F5 /* Mini 3 Coworking Trial.app */;
			productType = "com.apple.product-type.application";
		};
/* End PBXNativeTarget section */

/* Begin PBXProject section */
		B0BD47172C61D5C200A399F5 /* Project object */ = {
			isa = PBXProject;
			attributes = {
				BuildIndependentTargetsInParallel = 1;
				LastSwiftUpdateCheck = 1520;
				LastUpgradeCheck = 1520;
				TargetAttributes = {
					B0BD471E2C61D5C200A399F5 = {
						CreatedOnToolsVersion = 15.2;
					};
				};
			};
			buildConfigurationList = B0BD471A2C61D5C200A399F5 /* Build configuration list for PBXProject "Mini 3 Coworking Trial" */;
			compatibilityVersion = "Xcode 14.0";
			developmentRegion = en;
			hasScannedForEncodings = 0;
			knownRegions = (
				en,
				Base,
			);
			mainGroup = B0BD47162C61D5C200A399F5;
			productRefGroup = B0BD47202C61D5C200A399F5 /* Products */;
			projectDirPath = "";
			projectRoot = "";
			targets = (
				B0BD471E2C61D5C200A399F5 /* Mini 3 Coworking Trial */,
			);
		};
/* End PBXProject section */

/* Begin PBXResourcesBuildPhase section */
		B0BD471D2C61D5C200A399F5 /* Resources */ = {
			isa = PBXResourcesBuildPhase;
			buildActionMask = 2147483647;
			files = (
				B0BD472A2C61D5C300A399F5 /* Preview Assets.xcassets in Resources */,
				B0BD47272C61D5C300A399F5 /* Assets.xcassets in Resources */,
			);
			runOnlyForDeploymentPostprocessing = 0;
		};
/* End PBXResourcesBuildPhase section */

/* Begin PBXSourcesBuildPhase section */
		B0BD471B2C61D5C200A399F5 /* Sources */ = {
			isa = PBXSourcesBuildPhase;
			buildActionMask = 2147483647;
			files = (
				A6C486CC2C61E62100D9C9E2 /* ButtonComponent.swift in Sources */,
				B0BD47252C61D5C200A399F5 /* ContentView.swift in Sources */,
				A6C486CE2C61E8A600D9C9E2 /* ImageComponent.swift in Sources */,
				A6C486C62C61E3BB00D9C9E2 /* CalendarComponent.swift in Sources */,
				A6C486C02C61E21A00D9C9E2 /* Color.swift in Sources */,
				A6C486BD2C61E14F00D9C9E2 /* HeaderComponent.swift in Sources */,
				B0BD47232C61D5C200A399F5 /* Mini_3_Coworking_TrialApp.swift in Sources */,
				A6C486C42C61E37500D9C9E2 /* TasksView.swift in Sources */,
			);
			runOnlyForDeploymentPostprocessing = 0;
		};
/* End PBXSourcesBuildPhase section */

/* Begin XCBuildConfiguration section */
		B0BD472B2C61D5C300A399F5 /* Debug */ = {
			isa = XCBuildConfiguration;
			buildSettings = {
				ALWAYS_SEARCH_USER_PATHS = NO;
				ASSETCATALOG_COMPILER_GENERATE_SWIFT_ASSET_SYMBOL_EXTENSIONS = YES;
				CLANG_ANALYZER_NONNULL = YES;
				CLANG_ANALYZER_NUMBER_OBJECT_CONVERSION = YES_AGGRESSIVE;
				CLANG_CXX_LANGUAGE_STANDARD = "gnu++20";
				CLANG_ENABLE_MODULES = YES;
				CLANG_ENABLE_OBJC_ARC = YES;
				CLANG_ENABLE_OBJC_WEAK = YES;
				CLANG_WARN_BLOCK_CAPTURE_AUTORELEASING = YES;
				CLANG_WARN_BOOL_CONVERSION = YES;
				CLANG_WARN_COMMA = YES;
				CLANG_WARN_CONSTANT_CONVERSION = YES;
				CLANG_WARN_DEPRECATED_OBJC_IMPLEMENTATIONS = YES;
				CLANG_WARN_DIRECT_OBJC_ISA_USAGE = YES_ERROR;
				CLANG_WARN_DOCUMENTATION_COMMENTS = YES;
				CLANG_WARN_EMPTY_BODY = YES;
				CLANG_WARN_ENUM_CONVERSION = YES;
				CLANG_WARN_INFINITE_RECURSION = YES;
				CLANG_WARN_INT_CONVERSION = YES;
				CLANG_WARN_NON_LITERAL_NULL_CONVERSION = YES;
				CLANG_WARN_OBJC_IMPLICIT_RETAIN_SELF = YES;
				CLANG_WARN_OBJC_LITERAL_CONVERSION = YES;
				CLANG_WARN_OBJC_ROOT_CLASS = YES_ERROR;
				CLANG_WARN_QUOTED_INCLUDE_IN_FRAMEWORK_HEADER = YES;
				CLANG_WARN_RANGE_LOOP_ANALYSIS = YES;
				CLANG_WARN_STRICT_PROTOTYPES = YES;
				CLANG_WARN_SUSPICIOUS_MOVE = YES;
				CLANG_WARN_UNGUARDED_AVAILABILITY = YES_AGGRESSIVE;
				CLANG_WARN_UNREACHABLE_CODE = YES;
				CLANG_WARN__DUPLICATE_METHOD_MATCH = YES;
				COPY_PHASE_STRIP = NO;
				DEBUG_INFORMATION_FORMAT = dwarf;
				ENABLE_STRICT_OBJC_MSGSEND = YES;
				ENABLE_TESTABILITY = YES;
				ENABLE_USER_SCRIPT_SANDBOXING = YES;
				GCC_C_LANGUAGE_STANDARD = gnu17;
				GCC_DYNAMIC_NO_PIC = NO;
				GCC_NO_COMMON_BLOCKS = YES;
				GCC_OPTIMIZATION_LEVEL = 0;
				GCC_PREPROCESSOR_DEFINITIONS = (
					"DEBUG=1",
					"$(inherited)",
				);
				GCC_WARN_64_TO_32_BIT_CONVERSION = YES;
				GCC_WARN_ABOUT_RETURN_TYPE = YES_ERROR;
				GCC_WARN_UNDECLARED_SELECTOR = YES;
				GCC_WARN_UNINITIALIZED_AUTOS = YES_AGGRESSIVE;
				GCC_WARN_UNUSED_FUNCTION = YES;
				GCC_WARN_UNUSED_VARIABLE = YES;
				IPHONEOS_DEPLOYMENT_TARGET = 17.2;
				LOCALIZATION_PREFERS_STRING_CATALOGS = YES;
				MTL_ENABLE_DEBUG_INFO = INCLUDE_SOURCE;
				MTL_FAST_MATH = YES;
				ONLY_ACTIVE_ARCH = YES;
				SDKROOT = iphoneos;
				SWIFT_ACTIVE_COMPILATION_CONDITIONS = "DEBUG $(inherited)";
				SWIFT_OPTIMIZATION_LEVEL = "-Onone";
			};
			name = Debug;
		};
		B0BD472C2C61D5C300A399F5 /* Release */ = {
			isa = XCBuildConfiguration;
			buildSettings = {
				ALWAYS_SEARCH_USER_PATHS = NO;
				ASSETCATALOG_COMPILER_GENERATE_SWIFT_ASSET_SYMBOL_EXTENSIONS = YES;
				CLANG_ANALYZER_NONNULL = YES;
				CLANG_ANALYZER_NUMBER_OBJECT_CONVERSION = YES_AGGRESSIVE;
				CLANG_CXX_LANGUAGE_STANDARD = "gnu++20";
				CLANG_ENABLE_MODULES = YES;
				CLANG_ENABLE_OBJC_ARC = YES;
				CLANG_ENABLE_OBJC_WEAK = YES;
				CLANG_WARN_BLOCK_CAPTURE_AUTORELEASING = YES;
				CLANG_WARN_BOOL_CONVERSION = YES;
				CLANG_WARN_COMMA = YES;
				CLANG_WARN_CONSTANT_CONVERSION = YES;
				CLANG_WARN_DEPRECATED_OBJC_IMPLEMENTATIONS = YES;
				CLANG_WARN_DIRECT_OBJC_ISA_USAGE = YES_ERROR;
				CLANG_WARN_DOCUMENTATION_COMMENTS = YES;
				CLANG_WARN_EMPTY_BODY = YES;
				CLANG_WARN_ENUM_CONVERSION = YES;
				CLANG_WARN_INFINITE_RECURSION = YES;
				CLANG_WARN_INT_CONVERSION = YES;
				CLANG_WARN_NON_LITERAL_NULL_CONVERSION = YES;
				CLANG_WARN_OBJC_IMPLICIT_RETAIN_SELF = YES;
				CLANG_WARN_OBJC_LITERAL_CONVERSION = YES;
				CLANG_WARN_OBJC_ROOT_CLASS = YES_ERROR;
				CLANG_WARN_QUOTED_INCLUDE_IN_FRAMEWORK_HEADER = YES;
				CLANG_WARN_RANGE_LOOP_ANALYSIS = YES;
				CLANG_WARN_STRICT_PROTOTYPES = YES;
				CLANG_WARN_SUSPICIOUS_MOVE = YES;
				CLANG_WARN_UNGUARDED_AVAILABILITY = YES_AGGRESSIVE;
				CLANG_WARN_UNREACHABLE_CODE = YES;
				CLANG_WARN__DUPLICATE_METHOD_MATCH = YES;
				COPY_PHASE_STRIP = NO;
				DEBUG_INFORMATION_FORMAT = "dwarf-with-dsym";
				ENABLE_NS_ASSERTIONS = NO;
				ENABLE_STRICT_OBJC_MSGSEND = YES;
				ENABLE_USER_SCRIPT_SANDBOXING = YES;
				GCC_C_LANGUAGE_STANDARD = gnu17;
				GCC_NO_COMMON_BLOCKS = YES;
				GCC_WARN_64_TO_32_BIT_CONVERSION = YES;
				GCC_WARN_ABOUT_RETURN_TYPE = YES_ERROR;
				GCC_WARN_UNDECLARED_SELECTOR = YES;
				GCC_WARN_UNINITIALIZED_AUTOS = YES_AGGRESSIVE;
				GCC_WARN_UNUSED_FUNCTION = YES;
				GCC_WARN_UNUSED_VARIABLE = YES;
				IPHONEOS_DEPLOYMENT_TARGET = 17.2;
				LOCALIZATION_PREFERS_STRING_CATALOGS = YES;
				MTL_ENABLE_DEBUG_INFO = NO;
				MTL_FAST_MATH = YES;
				SDKROOT = iphoneos;
				SWIFT_COMPILATION_MODE = wholemodule;
				VALIDATE_PRODUCT = YES;
			};
			name = Release;
		};
		B0BD472E2C61D5C300A399F5 /* Debug */ = {
			isa = XCBuildConfiguration;
			buildSettings = {
				ASSETCATALOG_COMPILER_APPICON_NAME = AppIcon;
				ASSETCATALOG_COMPILER_GLOBAL_ACCENT_COLOR_NAME = AccentColor;
				CODE_SIGN_STYLE = Automatic;
				CURRENT_PROJECT_VERSION = 1;
				DEVELOPMENT_ASSET_PATHS = "\"Mini 3 Coworking Trial/Preview Content\"";
				DEVELOPMENT_TEAM = 29TM272Q7X;
				ENABLE_PREVIEWS = YES;
				GENERATE_INFOPLIST_FILE = YES;
				INFOPLIST_KEY_UIApplicationSceneManifest_Generation = YES;
				INFOPLIST_KEY_UIApplicationSupportsIndirectInputEvents = YES;
				INFOPLIST_KEY_UILaunchScreen_Generation = YES;
				INFOPLIST_KEY_UISupportedInterfaceOrientations_iPad = "UIInterfaceOrientationPortrait UIInterfaceOrientationPortraitUpsideDown UIInterfaceOrientationLandscapeLeft UIInterfaceOrientationLandscapeRight";
				INFOPLIST_KEY_UISupportedInterfaceOrientations_iPhone = "UIInterfaceOrientationPortrait UIInterfaceOrientationLandscapeLeft UIInterfaceOrientationLandscapeRight";
				LD_RUNPATH_SEARCH_PATHS = (
					"$(inherited)",
					"@executable_path/Frameworks",
				);
				MARKETING_VERSION = 1.0;
				PRODUCT_BUNDLE_IDENTIFIER = "Ryan.Mini-3-Coworking-Trial";
				PRODUCT_NAME = "$(TARGET_NAME)";
				SWIFT_EMIT_LOC_STRINGS = YES;
				SWIFT_VERSION = 5.0;
				TARGETED_DEVICE_FAMILY = "1,2";
			};
			name = Debug;
		};
		B0BD472F2C61D5C300A399F5 /* Release */ = {
			isa = XCBuildConfiguration;
			buildSettings = {
				ASSETCATALOG_COMPILER_APPICON_NAME = AppIcon;
				ASSETCATALOG_COMPILER_GLOBAL_ACCENT_COLOR_NAME = AccentColor;
				CODE_SIGN_STYLE = Automatic;
				CURRENT_PROJECT_VERSION = 1;
				DEVELOPMENT_ASSET_PATHS = "\"Mini 3 Coworking Trial/Preview Content\"";
				DEVELOPMENT_TEAM = 29TM272Q7X;
				ENABLE_PREVIEWS = YES;
				GENERATE_INFOPLIST_FILE = YES;
				INFOPLIST_KEY_UIApplicationSceneManifest_Generation = YES;
				INFOPLIST_KEY_UIApplicationSupportsIndirectInputEvents = YES;
				INFOPLIST_KEY_UILaunchScreen_Generation = YES;
				INFOPLIST_KEY_UISupportedInterfaceOrientations_iPad = "UIInterfaceOrientationPortrait UIInterfaceOrientationPortraitUpsideDown UIInterfaceOrientationLandscapeLeft UIInterfaceOrientationLandscapeRight";
				INFOPLIST_KEY_UISupportedInterfaceOrientations_iPhone = "UIInterfaceOrientationPortrait UIInterfaceOrientationLandscapeLeft UIInterfaceOrientationLandscapeRight";
				LD_RUNPATH_SEARCH_PATHS = (
					"$(inherited)",
					"@executable_path/Frameworks",
				);
				MARKETING_VERSION = 1.0;
				PRODUCT_BUNDLE_IDENTIFIER = "Ryan.Mini-3-Coworking-Trial";
				PRODUCT_NAME = "$(TARGET_NAME)";
				SWIFT_EMIT_LOC_STRINGS = YES;
				SWIFT_VERSION = 5.0;
				TARGETED_DEVICE_FAMILY = "1,2";
			};
			name = Release;
		};
/* End XCBuildConfiguration section */

/* Begin XCConfigurationList section */
		B0BD471A2C61D5C200A399F5 /* Build configuration list for PBXProject "Mini 3 Coworking Trial" */ = {
			isa = XCConfigurationList;
			buildConfigurations = (
				B0BD472B2C61D5C300A399F5 /* Debug */,
				B0BD472C2C61D5C300A399F5 /* Release */,
			);
			defaultConfigurationIsVisible = 0;
			defaultConfigurationName = Release;
		};
		B0BD472D2C61D5C300A399F5 /* Build configuration list for PBXNativeTarget "Mini 3 Coworking Trial" */ = {
			isa = XCConfigurationList;
			buildConfigurations = (
				B0BD472E2C61D5C300A399F5 /* Debug */,
				B0BD472F2C61D5C300A399F5 /* Release */,
			);
			defaultConfigurationIsVisible = 0;
			defaultConfigurationName = Release;
		};
/* End XCConfigurationList section */
	};
	rootObject = B0BD47172C61D5C200A399F5 /* Project object */;
}
