// !$*UTF8*$!
{
	archiveVersion = 1;
	classes = {
	};
	objectVersion = 56;
	objects = {

/* Begin PBXBuildFile section */
		B0BD47232C61D5C200A399F5 /* Mini_3_Coworking_TrialApp.swift in Sources */ = {isa = PBXBuildFile; fileRef = B0BD47222C61D5C200A399F5 /* Mini_3_Coworking_TrialApp.swift */; };
		B0BD47252C61D5C200A399F5 /* ContentView.swift in Sources */ = {isa = PBXBuildFile; fileRef = B0BD47242C61D5C200A399F5 /* ContentView.swift */; };
		B0BD47272C61D5C300A399F5 /* Assets.xcassets in Resources */ = {isa = PBXBuildFile; fileRef = B0BD47262C61D5C300A399F5 /* Assets.xcassets */; };
		B0BD472A2C61D5C300A399F5 /* Preview Assets.xcassets in Resources */ = {isa = PBXBuildFile; fileRef = B0BD47292C61D5C300A399F5 /* Preview Assets.xcassets */; };
		C0A555282C61E15700C8FA17 /* ProfileView.swift in Sources */ = {isa = PBXBuildFile; fileRef = C0A555272C61E15700C8FA17 /* ProfileView.swift */; };
		C0A5552B2C61E6CF00C8FA17 /* WhiteSquareView.swift in Sources */ = {isa = PBXBuildFile; fileRef = C0A5552A2C61E6CF00C8FA17 /* WhiteSquareView.swift */; };
		C0A5552D2C61E6DD00C8FA17 /* SlimRectangleView.swift in Sources */ = {isa = PBXBuildFile; fileRef = C0A5552C2C61E6DD00C8FA17 /* SlimRectangleView.swift */; };
		C0A5552F2C61E70400C8FA17 /* MediumRectangleView.swift in Sources */ = {isa = PBXBuildFile; fileRef = C0A5552E2C61E70400C8FA17 /* MediumRectangleView.swift */; };
		B0BD473D2C61DE6500A399F5 /* OnboardingView.swift in Sources */ = {isa = PBXBuildFile; fileRef = B0BD473C2C61DE6500A399F5 /* OnboardingView.swift */; };
		B0BD473F2C61E01800A399F5 /* OnboardingScrolledCardView.swift in Sources */ = {isa = PBXBuildFile; fileRef = B0BD473E2C61E01800A399F5 /* OnboardingScrolledCardView.swift */; };
/* End PBXBuildFile section */

/* Begin PBXFileReference section */
		B0BD471F2C61D5C200A399F5 /* Mini 3 Coworking Trial.app */ = {isa = PBXFileReference; explicitFileType = wrapper.application; includeInIndex = 0; path = "Mini 3 Coworking Trial.app"; sourceTree = BUILT_PRODUCTS_DIR; };
		B0BD47222C61D5C200A399F5 /* Mini_3_Coworking_TrialApp.swift */ = {isa = PBXFileReference; lastKnownFileType = sourcecode.swift; path = Mini_3_Coworking_TrialApp.swift; sourceTree = "<group>"; };
		B0BD47242C61D5C200A399F5 /* ContentView.swift */ = {isa = PBXFileReference; lastKnownFileType = sourcecode.swift; path = ContentView.swift; sourceTree = "<group>"; };
		B0BD47262C61D5C300A399F5 /* Assets.xcassets */ = {isa = PBXFileReference; lastKnownFileType = folder.assetcatalog; path = Assets.xcassets; sourceTree = "<group>"; };
		B0BD47292C61D5C300A399F5 /* Preview Assets.xcassets */ = {isa = PBXFileReference; lastKnownFileType = folder.assetcatalog; path = "Preview Assets.xcassets"; sourceTree = "<group>"; };
		C0A555272C61E15700C8FA17 /* ProfileView.swift */ = {isa = PBXFileReference; lastKnownFileType = sourcecode.swift; path = ProfileView.swift; sourceTree = "<group>"; };
		C0A5552A2C61E6CF00C8FA17 /* WhiteSquareView.swift */ = {isa = PBXFileReference; lastKnownFileType = sourcecode.swift; path = WhiteSquareView.swift; sourceTree = "<group>"; };
		C0A5552C2C61E6DD00C8FA17 /* SlimRectangleView.swift */ = {isa = PBXFileReference; lastKnownFileType = sourcecode.swift; path = SlimRectangleView.swift; sourceTree = "<group>"; };
		C0A5552E2C61E70400C8FA17 /* MediumRectangleView.swift */ = {isa = PBXFileReference; lastKnownFileType = sourcecode.swift; path = MediumRectangleView.swift; sourceTree = "<group>"; };
		B0BD473C2C61DE6500A399F5 /* OnboardingView.swift */ = {isa = PBXFileReference; lastKnownFileType = sourcecode.swift; path = OnboardingView.swift; sourceTree = "<group>"; };
		B0BD473E2C61E01800A399F5 /* OnboardingScrolledCardView.swift */ = {isa = PBXFileReference; lastKnownFileType = sourcecode.swift; path = OnboardingScrolledCardView.swift; sourceTree = "<group>"; };
/* End PBXFileReference section */

/* Begin PBXFrameworksBuildPhase section */
		B0BD471C2C61D5C200A399F5 /* Frameworks */ = {
			isa = PBXFrameworksBuildPhase;
			buildActionMask = 2147483647;
			files = (
			);
			runOnlyForDeploymentPostprocessing = 0;
		};
/* End PBXFrameworksBuildPhase section */

/* Begin PBXGroup section */
		B0BD47162C61D5C200A399F5 = {
			isa = PBXGroup;
			children = (
				B0BD47212C61D5C200A399F5 /* Mini 3 Coworking Trial */,
				B0BD47202C61D5C200A399F5 /* Products */,
			);
			sourceTree = "<group>";
		};
		B0BD47202C61D5C200A399F5 /* Products */ = {
			isa = PBXGroup;
			children = (
				B0BD471F2C61D5C200A399F5 /* Mini 3 Coworking Trial.app */,
			);
			name = Products;
			sourceTree = "<group>";
		};
		B0BD47212C61D5C200A399F5 /* Mini 3 Coworking Trial */ = {
			isa = PBXGroup;
			children = (

				C0A555262C61E13B00C8FA17 /* Profile */,
				B0BD47322C61D6AF00A399F5 /* Model */,
				B0BD47312C61D6A800A399F5 /* ViewModel */,
				B0BD47302C61D69C00A399F5 /* View */,
				B0BD47222C61D5C200A399F5 /* Mini_3_Coworking_TrialApp.swift */,
				B0BD47242C61D5C200A399F5 /* ContentView.swift */,
				B0BD47262C61D5C300A399F5 /* Assets.xcassets */,
				B0BD47282C61D5C300A399F5 /* Preview Content */,
			);
			path = "Mini 3 Coworking Trial";
			sourceTree = "<group>";
		};
		B0BD47282C61D5C300A399F5 /* Preview Content */ = {
			isa = PBXGroup;
			children = (
				B0BD47292C61D5C300A399F5 /* Preview Assets.xcassets */,
			);
			path = "Preview Content";
			sourceTree = "<group>";
		};
		C0A555262C61E13B00C8FA17 /* Profile */ = {
			isa = PBXGroup;
			children = (
				C0A555292C61E17A00C8FA17 /* Component */,
				C0A555272C61E15700C8FA17 /* ProfileView.swift */,
		B0BD47302C61D69C00A399F5 /* View */ = {
			isa = PBXGroup;
			children = (
				B0BD47372C61D6F800A399F5 /* Profile */,
				B0BD47362C61D6EF00A399F5 /* Incoming */,
				B0BD47352C61D6E000A399F5 /* No Task */,
				B0BD47332C61D6BB00A399F5 /* Onboarding */,
			);
			path = View;
			sourceTree = "<group>";
		};
		B0BD47312C61D6A800A399F5 /* ViewModel */ = {
			isa = PBXGroup;
			children = (
			);
			path = ViewModel;
			sourceTree = "<group>";
		};
		B0BD47322C61D6AF00A399F5 /* Model */ = {
			isa = PBXGroup;
			children = (
			);
			path = Model;
			sourceTree = "<group>";
		};
		B0BD47332C61D6BB00A399F5 /* Onboarding */ = {
			isa = PBXGroup;
			children = (
				B0BD473C2C61DE6500A399F5 /* OnboardingView.swift */,
				B0BD473B2C61D77700A399F5 /* Components */,
			);
			path = Onboarding;
			sourceTree = "<group>";
		};
		B0BD47352C61D6E000A399F5 /* No Task */ = {
			isa = PBXGroup;
			children = (
				B0BD473A2C61D76F00A399F5 /* Components */,
			);
			path = "No Task";
			sourceTree = "<group>";
		};
		B0BD47362C61D6EF00A399F5 /* Incoming */ = {
			isa = PBXGroup;
			children = (
				B0BD47392C61D75F00A399F5 /* Components */,
			);
			path = Incoming;
			sourceTree = "<group>";
		};
		B0BD47372C61D6F800A399F5 /* Profile */ = {
			isa = PBXGroup;
			children = (
				B0BD47382C61D70700A399F5 /* Components */,
			);
			path = Profile;
			sourceTree = "<group>";
		};
		C0A555292C61E17A00C8FA17 /* Component */ = {
			isa = PBXGroup;
			children = (
				C0A5552A2C61E6CF00C8FA17 /* WhiteSquareView.swift */,
				C0A5552C2C61E6DD00C8FA17 /* SlimRectangleView.swift */,
				C0A5552E2C61E70400C8FA17 /* MediumRectangleView.swift */,
			);
			path = Component;
		B0BD47382C61D70700A399F5 /* Components */ = {
			isa = PBXGroup;
			children = (
			);
			path = Components;
			sourceTree = "<group>";
		};
		B0BD47392C61D75F00A399F5 /* Components */ = {
			isa = PBXGroup;
			children = (
			);
			path = Components;
			sourceTree = "<group>";
		};
		B0BD473A2C61D76F00A399F5 /* Components */ = {
			isa = PBXGroup;
			children = (
			);
			path = Components;
			sourceTree = "<group>";
		};
		B0BD473B2C61D77700A399F5 /* Components */ = {
			isa = PBXGroup;
			children = (
				B0BD473E2C61E01800A399F5 /* OnboardingScrolledCardView.swift */,
			);
			path = Components;
			sourceTree = "<group>";
		};
/* End PBXGroup section */

/* Begin PBXNativeTarget section */
		B0BD471E2C61D5C200A399F5 /* Mini 3 Coworking Trial */ = {
			isa = PBXNativeTarget;
			buildConfigurationList = B0BD472D2C61D5C300A399F5 /* Build configuration list for PBXNativeTarget "Mini 3 Coworking Trial" */;
			buildPhases = (
				B0BD471B2C61D5C200A399F5 /* Sources */,
				B0BD471C2C61D5C200A399F5 /* Frameworks */,
				B0BD471D2C61D5C200A399F5 /* Resources */,
			);
			buildRules = (
			);
			dependencies = (
			);
			name = "Mini 3 Coworking Trial";
			productName = "Mini 3 Coworking Trial";
			productReference = B0BD471F2C61D5C200A399F5 /* Mini 3 Coworking Trial.app */;
			productType = "com.apple.product-type.application";
		};
/* End PBXNativeTarget section */

/* Begin PBXProject section */
		B0BD47172C61D5C200A399F5 /* Project object */ = {
			isa = PBXProject;
			attributes = {
				BuildIndependentTargetsInParallel = 1;
				LastSwiftUpdateCheck = 1520;
				LastUpgradeCheck = 1520;
				TargetAttributes = {
					B0BD471E2C61D5C200A399F5 = {
						CreatedOnToolsVersion = 15.2;
					};
				};
			};
			buildConfigurationList = B0BD471A2C61D5C200A399F5 /* Build configuration list for PBXProject "Mini 3 Coworking Trial" */;
			compatibilityVersion = "Xcode 14.0";
			developmentRegion = en;
			hasScannedForEncodings = 0;
			knownRegions = (
				en,
				Base,
			);
			mainGroup = B0BD47162C61D5C200A399F5;
			productRefGroup = B0BD47202C61D5C200A399F5 /* Products */;
			projectDirPath = "";
			projectRoot = "";
			targets = (
				B0BD471E2C61D5C200A399F5 /* Mini 3 Coworking Trial */,
			);
		};
/* End PBXProject section */

/* Begin PBXResourcesBuildPhase section */
		B0BD471D2C61D5C200A399F5 /* Resources */ = {
			isa = PBXResourcesBuildPhase;
			buildActionMask = 2147483647;
			files = (
				B0BD472A2C61D5C300A399F5 /* Preview Assets.xcassets in Resources */,
				B0BD47272C61D5C300A399F5 /* Assets.xcassets in Resources */,
			);
			runOnlyForDeploymentPostprocessing = 0;
		};
/* End PBXResourcesBuildPhase section */

/* Begin PBXSourcesBuildPhase section */
		B0BD471B2C61D5C200A399F5 /* Sources */ = {
			isa = PBXSourcesBuildPhase;
			buildActionMask = 2147483647;
			files = (
				B0BD473D2C61DE6500A399F5 /* OnboardingView.swift in Sources */,
				B0BD47252C61D5C200A399F5 /* ContentView.swift in Sources */,

				C0A5552D2C61E6DD00C8FA17 /* SlimRectangleView.swift in Sources */,
				C0A5552B2C61E6CF00C8FA17 /* WhiteSquareView.swift in Sources */,
				C0A5552F2C61E70400C8FA17 /* MediumRectangleView.swift in Sources */,
				C0A555282C61E15700C8FA17 /* ProfileView.swift in Sources */,

				B0BD473F2C61E01800A399F5 /* OnboardingScrolledCardView.swift in Sources */,

				B0BD47232C61D5C200A399F5 /* Mini_3_Coworking_TrialApp.swift in Sources */,
			);
			runOnlyForDeploymentPostprocessing = 0;
		};
/* End PBXSourcesBuildPhase section */

/* Begin XCBuildConfiguration section */
		B0BD472B2C61D5C300A399F5 /* Debug */ = {
			isa = XCBuildConfiguration;
			buildSettings = {
				ALWAYS_SEARCH_USER_PATHS = NO;
				ASSETCATALOG_COMPILER_GENERATE_SWIFT_ASSET_SYMBOL_EXTENSIONS = YES;
				CLANG_ANALYZER_NONNULL = YES;
				CLANG_ANALYZER_NUMBER_OBJECT_CONVERSION = YES_AGGRESSIVE;
				CLANG_CXX_LANGUAGE_STANDARD = "gnu++20";
				CLANG_ENABLE_MODULES = YES;
				CLANG_ENABLE_OBJC_ARC = YES;
				CLANG_ENABLE_OBJC_WEAK = YES;
				CLANG_WARN_BLOCK_CAPTURE_AUTORELEASING = YES;
				CLANG_WARN_BOOL_CONVERSION = YES;
				CLANG_WARN_COMMA = YES;
				CLANG_WARN_CONSTANT_CONVERSION = YES;
				CLANG_WARN_DEPRECATED_OBJC_IMPLEMENTATIONS = YES;
				CLANG_WARN_DIRECT_OBJC_ISA_USAGE = YES_ERROR;
				CLANG_WARN_DOCUMENTATION_COMMENTS = YES;
				CLANG_WARN_EMPTY_BODY = YES;
				CLANG_WARN_ENUM_CONVERSION = YES;
				CLANG_WARN_INFINITE_RECURSION = YES;
				CLANG_WARN_INT_CONVERSION = YES;
				CLANG_WARN_NON_LITERAL_NULL_CONVERSION = YES;
				CLANG_WARN_OBJC_IMPLICIT_RETAIN_SELF = YES;
				CLANG_WARN_OBJC_LITERAL_CONVERSION = YES;
				CLANG_WARN_OBJC_ROOT_CLASS = YES_ERROR;
				CLANG_WARN_QUOTED_INCLUDE_IN_FRAMEWORK_HEADER = YES;
				CLANG_WARN_RANGE_LOOP_ANALYSIS = YES;
				CLANG_WARN_STRICT_PROTOTYPES = YES;
				CLANG_WARN_SUSPICIOUS_MOVE = YES;
				CLANG_WARN_UNGUARDED_AVAILABILITY = YES_AGGRESSIVE;
				CLANG_WARN_UNREACHABLE_CODE = YES;
				CLANG_WARN__DUPLICATE_METHOD_MATCH = YES;
				COPY_PHASE_STRIP = NO;
				DEBUG_INFORMATION_FORMAT = dwarf;
				ENABLE_STRICT_OBJC_MSGSEND = YES;
				ENABLE_TESTABILITY = YES;
				ENABLE_USER_SCRIPT_SANDBOXING = YES;
				GCC_C_LANGUAGE_STANDARD = gnu17;
				GCC_DYNAMIC_NO_PIC = NO;
				GCC_NO_COMMON_BLOCKS = YES;
				GCC_OPTIMIZATION_LEVEL = 0;
				GCC_PREPROCESSOR_DEFINITIONS = (
					"DEBUG=1",
					"$(inherited)",
				);
				GCC_WARN_64_TO_32_BIT_CONVERSION = YES;
				GCC_WARN_ABOUT_RETURN_TYPE = YES_ERROR;
				GCC_WARN_UNDECLARED_SELECTOR = YES;
				GCC_WARN_UNINITIALIZED_AUTOS = YES_AGGRESSIVE;
				GCC_WARN_UNUSED_FUNCTION = YES;
				GCC_WARN_UNUSED_VARIABLE = YES;
				IPHONEOS_DEPLOYMENT_TARGET = 17.2;
				LOCALIZATION_PREFERS_STRING_CATALOGS = YES;
				MTL_ENABLE_DEBUG_INFO = INCLUDE_SOURCE;
				MTL_FAST_MATH = YES;
				ONLY_ACTIVE_ARCH = YES;
				SDKROOT = iphoneos;
				SWIFT_ACTIVE_COMPILATION_CONDITIONS = "DEBUG $(inherited)";
				SWIFT_OPTIMIZATION_LEVEL = "-Onone";
			};
			name = Debug;
		};
		B0BD472C2C61D5C300A399F5 /* Release */ = {
			isa = XCBuildConfiguration;
			buildSettings = {
				ALWAYS_SEARCH_USER_PATHS = NO;
				ASSETCATALOG_COMPILER_GENERATE_SWIFT_ASSET_SYMBOL_EXTENSIONS = YES;
				CLANG_ANALYZER_NONNULL = YES;
				CLANG_ANALYZER_NUMBER_OBJECT_CONVERSION = YES_AGGRESSIVE;
				CLANG_CXX_LANGUAGE_STANDARD = "gnu++20";
				CLANG_ENABLE_MODULES = YES;
				CLANG_ENABLE_OBJC_ARC = YES;
				CLANG_ENABLE_OBJC_WEAK = YES;
				CLANG_WARN_BLOCK_CAPTURE_AUTORELEASING = YES;
				CLANG_WARN_BOOL_CONVERSION = YES;
				CLANG_WARN_COMMA = YES;
				CLANG_WARN_CONSTANT_CONVERSION = YES;
				CLANG_WARN_DEPRECATED_OBJC_IMPLEMENTATIONS = YES;
				CLANG_WARN_DIRECT_OBJC_ISA_USAGE = YES_ERROR;
				CLANG_WARN_DOCUMENTATION_COMMENTS = YES;
				CLANG_WARN_EMPTY_BODY = YES;
				CLANG_WARN_ENUM_CONVERSION = YES;
				CLANG_WARN_INFINITE_RECURSION = YES;
				CLANG_WARN_INT_CONVERSION = YES;
				CLANG_WARN_NON_LITERAL_NULL_CONVERSION = YES;
				CLANG_WARN_OBJC_IMPLICIT_RETAIN_SELF = YES;
				CLANG_WARN_OBJC_LITERAL_CONVERSION = YES;
				CLANG_WARN_OBJC_ROOT_CLASS = YES_ERROR;
				CLANG_WARN_QUOTED_INCLUDE_IN_FRAMEWORK_HEADER = YES;
				CLANG_WARN_RANGE_LOOP_ANALYSIS = YES;
				CLANG_WARN_STRICT_PROTOTYPES = YES;
				CLANG_WARN_SUSPICIOUS_MOVE = YES;
				CLANG_WARN_UNGUARDED_AVAILABILITY = YES_AGGRESSIVE;
				CLANG_WARN_UNREACHABLE_CODE = YES;
				CLANG_WARN__DUPLICATE_METHOD_MATCH = YES;
				COPY_PHASE_STRIP = NO;
				DEBUG_INFORMATION_FORMAT = "dwarf-with-dsym";
				ENABLE_NS_ASSERTIONS = NO;
				ENABLE_STRICT_OBJC_MSGSEND = YES;
				ENABLE_USER_SCRIPT_SANDBOXING = YES;
				GCC_C_LANGUAGE_STANDARD = gnu17;
				GCC_NO_COMMON_BLOCKS = YES;
				GCC_WARN_64_TO_32_BIT_CONVERSION = YES;
				GCC_WARN_ABOUT_RETURN_TYPE = YES_ERROR;
				GCC_WARN_UNDECLARED_SELECTOR = YES;
				GCC_WARN_UNINITIALIZED_AUTOS = YES_AGGRESSIVE;
				GCC_WARN_UNUSED_FUNCTION = YES;
				GCC_WARN_UNUSED_VARIABLE = YES;
				IPHONEOS_DEPLOYMENT_TARGET = 17.2;
				LOCALIZATION_PREFERS_STRING_CATALOGS = YES;
				MTL_ENABLE_DEBUG_INFO = NO;
				MTL_FAST_MATH = YES;
				SDKROOT = iphoneos;
				SWIFT_COMPILATION_MODE = wholemodule;
				VALIDATE_PRODUCT = YES;
			};
			name = Release;
		};
		B0BD472E2C61D5C300A399F5 /* Debug */ = {
			isa = XCBuildConfiguration;
			buildSettings = {
				ASSETCATALOG_COMPILER_APPICON_NAME = AppIcon;
				ASSETCATALOG_COMPILER_GLOBAL_ACCENT_COLOR_NAME = AccentColor;
				CODE_SIGN_STYLE = Automatic;
				CURRENT_PROJECT_VERSION = 1;
				DEVELOPMENT_ASSET_PATHS = "\"Mini 3 Coworking Trial/Preview Content\"";
				DEVELOPMENT_TEAM = 29TM272Q7X;
				ENABLE_PREVIEWS = YES;
				GENERATE_INFOPLIST_FILE = YES;
				INFOPLIST_KEY_UIApplicationSceneManifest_Generation = YES;
				INFOPLIST_KEY_UIApplicationSupportsIndirectInputEvents = YES;
				INFOPLIST_KEY_UILaunchScreen_Generation = YES;
				INFOPLIST_KEY_UISupportedInterfaceOrientations_iPad = "UIInterfaceOrientationPortrait UIInterfaceOrientationPortraitUpsideDown UIInterfaceOrientationLandscapeLeft UIInterfaceOrientationLandscapeRight";
				INFOPLIST_KEY_UISupportedInterfaceOrientations_iPhone = "UIInterfaceOrientationPortrait UIInterfaceOrientationLandscapeLeft UIInterfaceOrientationLandscapeRight";
				LD_RUNPATH_SEARCH_PATHS = (
					"$(inherited)",
					"@executable_path/Frameworks",
				);
				MARKETING_VERSION = 1.0;
				PRODUCT_BUNDLE_IDENTIFIER = "Ryan.Mini-3-Coworking-Trial";
				PRODUCT_NAME = "$(TARGET_NAME)";
				SWIFT_EMIT_LOC_STRINGS = YES;
				SWIFT_VERSION = 5.0;
				TARGETED_DEVICE_FAMILY = "1,2";
			};
			name = Debug;
		};
		B0BD472F2C61D5C300A399F5 /* Release */ = {
			isa = XCBuildConfiguration;
			buildSettings = {
				ASSETCATALOG_COMPILER_APPICON_NAME = AppIcon;
				ASSETCATALOG_COMPILER_GLOBAL_ACCENT_COLOR_NAME = AccentColor;
				CODE_SIGN_STYLE = Automatic;
				CURRENT_PROJECT_VERSION = 1;
				DEVELOPMENT_ASSET_PATHS = "\"Mini 3 Coworking Trial/Preview Content\"";
				DEVELOPMENT_TEAM = 29TM272Q7X;
				ENABLE_PREVIEWS = YES;
				GENERATE_INFOPLIST_FILE = YES;
				INFOPLIST_KEY_UIApplicationSceneManifest_Generation = YES;
				INFOPLIST_KEY_UIApplicationSupportsIndirectInputEvents = YES;
				INFOPLIST_KEY_UILaunchScreen_Generation = YES;
				INFOPLIST_KEY_UISupportedInterfaceOrientations_iPad = "UIInterfaceOrientationPortrait UIInterfaceOrientationPortraitUpsideDown UIInterfaceOrientationLandscapeLeft UIInterfaceOrientationLandscapeRight";
				INFOPLIST_KEY_UISupportedInterfaceOrientations_iPhone = "UIInterfaceOrientationPortrait UIInterfaceOrientationLandscapeLeft UIInterfaceOrientationLandscapeRight";
				LD_RUNPATH_SEARCH_PATHS = (
					"$(inherited)",
					"@executable_path/Frameworks",
				);
				MARKETING_VERSION = 1.0;
				PRODUCT_BUNDLE_IDENTIFIER = "Ryan.Mini-3-Coworking-Trial";
				PRODUCT_NAME = "$(TARGET_NAME)";
				SWIFT_EMIT_LOC_STRINGS = YES;
				SWIFT_VERSION = 5.0;
				TARGETED_DEVICE_FAMILY = "1,2";
			};
			name = Release;
		};
/* End XCBuildConfiguration section */

/* Begin XCConfigurationList section */
		B0BD471A2C61D5C200A399F5 /* Build configuration list for PBXProject "Mini 3 Coworking Trial" */ = {
			isa = XCConfigurationList;
			buildConfigurations = (
				B0BD472B2C61D5C300A399F5 /* Debug */,
				B0BD472C2C61D5C300A399F5 /* Release */,
			);
			defaultConfigurationIsVisible = 0;
			defaultConfigurationName = Release;
		};
		B0BD472D2C61D5C300A399F5 /* Build configuration list for PBXNativeTarget "Mini 3 Coworking Trial" */ = {
			isa = XCConfigurationList;
			buildConfigurations = (
				B0BD472E2C61D5C300A399F5 /* Debug */,
				B0BD472F2C61D5C300A399F5 /* Release */,
			);
			defaultConfigurationIsVisible = 0;
			defaultConfigurationName = Release;
		};
/* End XCConfigurationList section */
	};
	rootObject = B0BD47172C61D5C200A399F5 /* Project object */;
}
